
Microsoft Visual Studio Solution File, Format Version 12.00
# Visual Studio Version 17
VisualStudioVersion = 17.14.37314.3 d17.14
MinimumVisualStudioVersion = 10.0.40219.1
Project("{54A90642-561A-4BB1-A94E-469ADEE60C69}") = "ApexSound.FrontEnd", "apexsound.client\ApexSound.FrontEnd.esproj", "{3DB931C3-E2AB-C33B-D74B-F4992EFD2300}"
EndProject
Project("{FAE04EC0-301F-11D3-BF4B-00C04F79EFBC}") = "ApexSound.BackEnd", "ApexSound.Server\ApexSound.BackEnd.csproj", "{D2551D24-3C4B-4BA2-98B2-04AA67C84C15}"
EndProject
Global
	GlobalSection(SolutionConfigurationPlatforms) = preSolution
		Debug|Any CPU = Debug|Any CPU
		Release|Any CPU = Release|Any CPU
	EndGlobalSection
	GlobalSection(ProjectConfigurationPlatforms) = postSolution
		{3DB931C3-E2AB-C33B-D74B-F4992EFD2300}.Debug|Any CPU.ActiveCfg = Debug|Any CPU
		{3DB931C3-E2AB-C33B-D74B-F4992EFD2300}.Debug|Any CPU.Build.0 = Debug|Any CPU
		{3DB931C3-E2AB-C33B-D74B-F4992EFD2300}.Debug|Any CPU.Deploy.0 = Debug|Any CPU
		{3DB931C3-E2AB-C33B-D74B-F4992EFD2300}.Release|Any CPU.ActiveCfg = Release|Any CPU
		{3DB931C3-E2AB-C33B-D74B-F4992EFD2300}.Release|Any CPU.Build.0 = Release|Any CPU
		{3DB931C3-E2AB-C33B-D74B-F4992EFD2300}.Release|Any CPU.Deploy.0 = Release|Any CPU
		{D2551D24-3C4B-4BA2-98B2-04AA67C84C15}.Debug|Any CPU.ActiveCfg = Debug|Any CPU
		{D2551D24-3C4B-4BA2-98B2-04AA67C84C15}.Debug|Any CPU.Build.0 = Debug|Any CPU
		{D2551D24-3C4B-4BA2-98B2-04AA67C84C15}.Release|Any CPU.ActiveCfg = Release|Any CPU
		{D2551D24-3C4B-4BA2-98B2-04AA67C84C15}.Release|Any CPU.Build.0 = Release|Any CPU
	EndGlobalSection
	GlobalSection(SolutionProperties) = preSolution
		HideSolutionNode = FALSE
	EndGlobalSection
	GlobalSection(ExtensibilityGlobals) = postSolution
		SolutionGuid = {555AEE79-D449-4C8E-BF51-A38710220A69}
	EndGlobalSection
EndGlobal
